
Microsoft Visual Studio Solution File, Format Version 12.00
# Visual Studio Version 16
VisualStudioVersion = 16.0.31624.102
MinimumVisualStudioVersion = 10.0.40219.1
Project("{9A19103F-16F7-4668-BE54-9A1E7A4F7556}") = "MailApp", "MailApp\MailApp.csproj", "{856A69DB-C82C-408F-BE0A-C5E54CCC5FDF}"
EndProject
Project("{2150E333-8FDC-42A3-9474-1A3956D46DE8}") = "Solution Items", "Solution Items", "{49C7753E-2C40-4CE8-A335-9C215A91444D}"
EndProject
Global
	GlobalSection(SolutionConfigurationPlatforms) = preSolution
		Debug|Any CPU = Debug|Any CPU
		Release|Any CPU = Release|Any CPU
	EndGlobalSection
	GlobalSection(ProjectConfigurationPlatforms) = postSolution
		{856A69DB-C82C-408F-BE0A-C5E54CCC5FDF}.Debug|Any CPU.ActiveCfg = Debug|Any CPU
		{856A69DB-C82C-408F-BE0A-C5E54CCC5FDF}.Debug|Any CPU.Build.0 = Debug|Any CPU
		{856A69DB-C82C-408F-BE0A-C5E54CCC5FDF}.Release|Any CPU.ActiveCfg = Release|Any CPU
		{856A69DB-C82C-408F-BE0A-C5E54CCC5FDF}.Release|Any CPU.Build.0 = Release|Any CPU
	EndGlobalSection
	GlobalSection(SolutionProperties) = preSolution
		HideSolutionNode = FALSE
	EndGlobalSection
	GlobalSection(ExtensibilityGlobals) = postSolution
		SolutionGuid = {C3934920-8323-4010-8A6A-A313E88A5DCD}
	EndGlobalSection
EndGlobal
